
Microsoft Visual Studio Solution File, Format Version 12.00
# Visual Studio Version 16
VisualStudioVersion = 16.0.31205.134
MinimumVisualStudioVersion = 10.0.40219.1
Project("{FAE04EC0-301F-11D3-BF4B-00C04F79EFBC}") = "EpicGamesLauncher", "EpicGamesLauncher.csproj", "{7ABB993E-EF57-4A0C-8AC9-53889904C1CE}"
EndProject
Global
	GlobalSection(SolutionConfigurationPlatforms) = preSolution
		Debug|Any CPU = Debug|Any CPU
		Release|Any CPU = Release|Any CPU
	EndGlobalSection
	GlobalSection(ProjectConfigurationPlatforms) = postSolution
		{7ABB993E-EF57-4A0C-8AC9-53889904C1CE}.Debug|Any CPU.ActiveCfg = Debug|Any CPU
		{7ABB993E-EF57-4A0C-8AC9-53889904C1CE}.Debug|Any CPU.Build.0 = Debug|Any CPU
		{7ABB993E-EF57-4A0C-8AC9-53889904C1CE}.Release|Any CPU.ActiveCfg = Release|Any CPU
		{7ABB993E-EF57-4A0C-8AC9-53889904C1CE}.Release|Any CPU.Build.0 = Release|Any CPU
	EndGlobalSection
	GlobalSection(SolutionProperties) = preSolution
		HideSolutionNode = FALSE
	EndGlobalSection
	GlobalSection(ExtensibilityGlobals) = postSolution
		SolutionGuid = {A4876EC8-707B-4EDE-B7C2-49035753EBC4}
	EndGlobalSection
EndGlobal
